# THIS IS AN AUTOGENERATED FILE. DO NOT EDIT THIS FILE DIRECTLY.
# yarn lockfile v1


"@actions/core@^1.2.6":
  version "1.3.0"
  resolved "https://registry.yarnpkg.com/@actions/core/-/core-1.3.0.tgz#f5e4b24c889e7f2e58b466cc8c7481292284eba0"
  integrity sha512-xxtX0Cwdhb8LcgatfJkokqT8KzPvcIbwL9xpLU09nOwBzaStbfm0dNncsP0M4us+EpoPdWy7vbzU5vSOH7K6pg==

"@actions/github@^4.0.0":
  version "4.0.0"
  resolved "https://registry.yarnpkg.com/@actions/github/-/github-4.0.0.tgz#d520483151a2bf5d2dc9cd0f20f9ac3a2e458816"
  integrity sha512-Ej/Y2E+VV6sR9X7pWL5F3VgEWrABaT292DRqRU6R4hnQjPtC/zD3nagxVdXWiRQvYDh8kHXo7IDmG42eJ/dOMA==
  dependencies:
    "@actions/http-client" "^1.0.8"
    "@octokit/core" "^3.0.0"
    "@octokit/plugin-paginate-rest" "^2.2.3"
    "@octokit/plugin-rest-endpoint-methods" "^4.0.0"

"@actions/http-client@^1.0.8":
  version "1.0.11"
  resolved "https://registry.yarnpkg.com/@actions/http-client/-/http-client-1.0.11.tgz#c58b12e9aa8b159ee39e7dd6cbd0e91d905633c0"
  integrity sha512-VRYHGQV1rqnROJqdMvGUbY/Kn8vriQe/F9HR2AlYHzmKuM/p3kjNuXhmdBfcVgsvRWTz5C5XW5xvndZrVBuAYg==
  dependencies:
    tunnel "0.0.6"

"@octokit/auth-token@^2.4.4":
  version "2.4.5"
  resolved "https://registry.yarnpkg.com/@octokit/auth-token/-/auth-token-2.4.5.tgz#568ccfb8cb46f36441fac094ce34f7a875b197f3"
  integrity sha512-BpGYsPgJt05M7/L/5FoE1PiAbdxXFZkX/3kDYcsvd1v6UhlnE5e96dTDr0ezX/EFwciQxf3cNV0loipsURU+WA==
  dependencies:
    "@octokit/types" "^6.0.3"

"@octokit/core@^3.0.0":
  version "3.4.0"
  resolved "https://registry.yarnpkg.com/@octokit/core/-/core-3.4.0.tgz#b48aa27d755b339fe7550548b340dcc2b513b742"
  integrity sha512-6/vlKPP8NF17cgYXqucdshWqmMZGXkuvtcrWCgU5NOI0Pl2GjlmZyWgBMrU8zJ3v2MJlM6++CiB45VKYmhiWWg==
  dependencies:
    "@octokit/auth-token" "^2.4.4"
    "@octokit/graphql" "^4.5.8"
    "@octokit/request" "^5.4.12"
    "@octokit/request-error" "^2.0.5"
    "@octokit/types" "^6.0.3"
    before-after-hook "^2.2.0"
    universal-user-agent "^6.0.0"

"@octokit/endpoint@^6.0.1":
  version "6.0.11"
  resolved "https://registry.yarnpkg.com/@octokit/endpoint/-/endpoint-6.0.11.tgz#082adc2aebca6dcefa1fb383f5efb3ed081949d1"
  integrity sha512-fUIPpx+pZyoLW4GCs3yMnlj2LfoXTWDUVPTC4V3MUEKZm48W+XYpeWSZCv+vYF1ZABUm2CqnDVf1sFtIYrj7KQ==
  dependencies:
    "@octokit/types" "^6.0.3"
    is-plain-object "^5.0.0"
    universal-user-agent "^6.0.0"

"@octokit/graphql@^4.5.8":
  version "4.6.2"
  resolved "https://registry.yarnpkg.com/@octokit/graphql/-/graphql-4.6.2.tgz#ec44abdfa87f2b9233282136ae33e4ba446a04e7"
  integrity sha512-WmsIR1OzOr/3IqfG9JIczI8gMJUMzzyx5j0XXQ4YihHtKlQc+u35VpVoOXhlKAlaBntvry1WpAzPl/a+s3n89Q==
  dependencies:
    "@octokit/request" "^5.3.0"
    "@octokit/types" "^6.0.3"
    universal-user-agent "^6.0.0"

"@octokit/openapi-types@^7.2.3":
  version "7.2.3"
  resolved "https://registry.yarnpkg.com/@octokit/openapi-types/-/openapi-types-7.2.3.tgz#a7105796db9b85d25d3feba9a1785a124c7803e4"
  integrity sha512-V1ycxkR19jqbIl3evf2RQiMRBvTNRi+Iy9h20G5OP5dPfEF6GJ1DPlUeiZRxo2HJxRr+UA4i0H1nn4btBDPFrw==

"@octokit/plugin-paginate-rest@^2.2.3":
  version "2.13.3"
  resolved "https://registry.yarnpkg.com/@octokit/plugin-paginate-rest/-/plugin-paginate-rest-2.13.3.tgz#f0f1792230805108762d87906fb02d573b9e070a"
  integrity sha512-46lptzM9lTeSmIBt/sVP/FLSTPGx6DCzAdSX3PfeJ3mTf4h9sGC26WpaQzMEq/Z44cOcmx8VsOhO+uEgE3cjYg==
  dependencies:
    "@octokit/types" "^6.11.0"

"@octokit/plugin-rest-endpoint-methods@^4.0.0":
  version "4.15.1"
  resolved "https://registry.yarnpkg.com/@octokit/plugin-rest-endpoint-methods/-/plugin-rest-endpoint-methods-4.15.1.tgz#91a064bee99d0ffcef74a04357e1cf15c27d1cd0"
  integrity sha512-4gQg4ySoW7ktKB0Mf38fHzcSffVZd6mT5deJQtpqkuPuAqzlED5AJTeW8Uk7dPRn7KaOlWcXB0MedTFJU1j4qA==
  dependencies:
    "@octokit/types" "^6.13.0"
    deprecation "^2.3.1"

"@octokit/request-error@^2.0.0", "@octokit/request-error@^2.0.5":
  version "2.0.5"
  resolved "https://registry.yarnpkg.com/@octokit/request-error/-/request-error-2.0.5.tgz#72cc91edc870281ad583a42619256b380c600143"
  integrity sha512-T/2wcCFyM7SkXzNoyVNWjyVlUwBvW3igM3Btr/eKYiPmucXTtkxt2RBsf6gn3LTzaLSLTQtNmvg+dGsOxQrjZg==
  dependencies:
    "@octokit/types" "^6.0.3"
    deprecation "^2.0.0"
    once "^1.4.0"

"@octokit/request@^5.3.0", "@octokit/request@^5.4.12":
  version "5.4.15"
  resolved "https://registry.yarnpkg.com/@octokit/request/-/request-5.4.15.tgz#829da413dc7dd3aa5e2cdbb1c7d0ebe1f146a128"
  integrity sha512-6UnZfZzLwNhdLRreOtTkT9n57ZwulCve8q3IT/Z477vThu6snfdkBuhxnChpOKNGxcQ71ow561Qoa6uqLdPtag==
  dependencies:
    "@octokit/endpoint" "^6.0.1"
    "@octokit/request-error" "^2.0.0"
    "@octokit/types" "^6.7.1"
    is-plain-object "^5.0.0"
    node-fetch "^2.6.1"
    universal-user-agent "^6.0.0"

"@octokit/types@^6.0.3", "@octokit/types@^6.11.0", "@octokit/types@^6.13.0", "@octokit/types@^6.7.1":
  version "6.16.2"
  resolved "https://registry.yarnpkg.com/@octokit/types/-/types-6.16.2.tgz#62242e0565a3eb99ca2fd376283fe78b4ea057b4"
  integrity sha512-wWPSynU4oLy3i4KGyk+J1BLwRKyoeW2TwRHgwbDz17WtVFzSK2GOErGliruIx8c+MaYtHSYTx36DSmLNoNbtgA==
  dependencies:
    "@octokit/openapi-types" "^7.2.3"

"@types/glob@^7.1.3":
  version "7.2.0"
  resolved "https://registry.yarnpkg.com/@types/glob/-/glob-7.2.0.tgz#bc1b5bf3aa92f25bd5dd39f35c57361bdce5b2eb"
  integrity sha512-ZUxbzKl0IfJILTS6t7ip5fQQM/J3TJYubDm3nMbgubNNYS62eXeUpoLUC8/7fJNiFYHTrGPQn7hspDUzIHX3UA==
  dependencies:
    "@types/minimatch" "*"
    "@types/node" "*"

"@types/minimatch@*":
  version "3.0.5"
  resolved "https://registry.yarnpkg.com/@types/minimatch/-/minimatch-3.0.5.tgz#1001cc5e6a3704b83c236027e77f2f58ea010f40"
  integrity sha512-Klz949h02Gz2uZCMGwDUSDS1YBlTdDDgbWHi+81l29tQALUtvz4rAYi5uoVhE5Lagoq6DeqAUlbrHvW/mXDgdQ==

"@types/node@*":
  version "17.0.42"
  resolved "https://registry.yarnpkg.com/@types/node/-/node-17.0.42.tgz#d7e8f22700efc94d125103075c074396b5f41f9b"
  integrity sha512-Q5BPGyGKcvQgAMbsr7qEGN/kIPN6zZecYYABeTDBizOsau+2NMdSVTar9UQw21A2+JyA2KRNDYaYrPB0Rpk2oQ==

"@vercel/ncc@^0.26.1":
  version "0.26.2"
  resolved "https://registry.yarnpkg.com/@vercel/ncc/-/ncc-0.26.2.tgz#d0799374eb8618e48cc0841c82793b5b670c9219"
  integrity sha512-qdajZzkGn62Ry+v7bmTSd7Qza2BVjEBuCcGpxCV5Y+ANa6d//BzByMkODmYQAhAXOg6kiAgVpbnfsd/At3PWQA==

array-differ@^1.0.0:
  version "1.0.0"
  resolved "https://registry.yarnpkg.com/array-differ/-/array-differ-1.0.0.tgz#eff52e3758249d33be402b8bb8e564bb2b5d4031"
  integrity sha512-LeZY+DZDRnvP7eMuQ6LHfCzUGxAAIViUBliK24P3hWXL6y4SortgR6Nim6xrkfSLlmH0+k+9NYNwVC2s53ZrYQ==

array-union@^1.0.1:
  version "1.0.2"
  resolved "https://registry.yarnpkg.com/array-union/-/array-union-1.0.2.tgz#9a34410e4f4e3da23dea375be5be70f24778ec39"
  integrity sha512-Dxr6QJj/RdU/hCaBjOfxW+q6lyuVE6JFWIrAUpuOOhoJJoQ99cUn3igRaHVB5P9WrgFVN0FfArM3x0cueOU8ng==
  dependencies:
    array-uniq "^1.0.1"

array-uniq@^1.0.1:
  version "1.0.3"
  resolved "https://registry.yarnpkg.com/array-uniq/-/array-uniq-1.0.3.tgz#af6ac877a25cc7f74e058894753858dfdb24fdb6"
  integrity sha512-MNha4BWQ6JbwhFhj03YK552f7cb3AzoE8SzeljgChvL1dl3IcvggXVz1DilzySZkCja+CXuZbdW7yATchWn8/Q==

arrify@^1.0.0:
  version "1.0.1"
  resolved "https://registry.yarnpkg.com/arrify/-/arrify-1.0.1.tgz#898508da2226f380df904728456849c1501a4b0d"
  integrity sha512-3CYzex9M9FGQjCGMGyi6/31c8GJbgb0qGyrx5HWxPd0aCwh4cB2YjMb2Xf9UuoogrMrlO9cTqnB5rI5GHZTcUA==

asap@~2.0.3:
  version "2.0.6"
  resolved "https://registry.yarnpkg.com/asap/-/asap-2.0.6.tgz#e50347611d7e690943208bbdafebcbc2fb866d46"
  integrity sha512-BSHWgDSAiKs50o2Re8ppvp3seVHXSRM44cdSsT9FfNEUUZLOGWVCsiWaRPWM1Znn+mqZ1OfVZ3z3DWEzSp7hRA==

asynckit@^0.4.0:
  version "0.4.0"
  resolved "https://registry.yarnpkg.com/asynckit/-/asynckit-0.4.0.tgz#c79ed97f7f34cb8f2ba1bc9790bcc366474b4b79"
  integrity sha512-Oei9OH4tRh0YqU3GxhX79dM/mwVgvbZJaSNaRk+bshkj0S5cfHcgYakreBjrHwatXKbz+IoIdYLxrKim2MjW0Q==

balanced-match@^1.0.0:
  version "1.0.2"
  resolved "https://registry.yarnpkg.com/balanced-match/-/balanced-match-1.0.2.tgz#e83e3a7e3f300b34cb9d87f615fa0cbf357690ee"
  integrity sha512-3oSeUO0TMV67hN1AmbXsK4yaqU7tjiHlbxRDZOpH0KW9+CeX4bRAaX0Anxt0tx2MrpRpWwQaPwIlISEJhYU5Pw==

before-after-hook@^2.2.0:
  version "2.2.1"
  resolved "https://registry.yarnpkg.com/before-after-hook/-/before-after-hook-2.2.1.tgz#73540563558687586b52ed217dad6a802ab1549c"
  integrity sha512-/6FKxSTWoJdbsLDF8tdIjaRiFXiE6UHsEHE3OPI/cwPURCVi1ukP0gmLn7XWEiFk5TcwQjjY5PWsU+j+tgXgmw==

bent@^7.3.12:
  version "7.3.12"
  resolved "https://registry.yarnpkg.com/bent/-/bent-7.3.12.tgz#e0a2775d4425e7674c64b78b242af4f49da6b035"
  integrity sha512-T3yrKnVGB63zRuoco/7Ybl7BwwGZR0lceoVG5XmQyMIH9s19SV5m+a8qam4if0zQuAmOQTyPTPmsQBdAorGK3w==
  dependencies:
    bytesish "^0.4.1"
    caseless "~0.12.0"
    is-stream "^2.0.0"

brace-expansion@^1.1.7:
  version "1.1.11"
  resolved "https://registry.yarnpkg.com/brace-expansion/-/brace-expansion-1.1.11.tgz#3c7fcbf529d87226f3d2f52b966ff5271eb441dd"
  integrity sha512-iCuPHDFgrHX7H2vEI/5xpz07zSHB00TpugqhmYtVmMO6518mCuRMoOYFldEBl0g187ufozdaHgWKcYFb61qGiA==
  dependencies:
    balanced-match "^1.0.0"
    concat-map "0.0.1"

buffer-from@^1.0.0:
  version "1.1.2"
  resolved "https://registry.yarnpkg.com/buffer-from/-/buffer-from-1.1.2.tgz#2b146a6fd72e80b4f55d255f35ed59a3a9a41bd5"
  integrity sha512-E+XQCRwSbaaiChtv6k6Dwgc+bx+Bs6vuKJHHl5kox/BaKbhiXzqQOwK4cO22yElGp2OCmjwVhT3HmxgyPGnJfQ==

bytesish@^0.4.1:
  version "0.4.4"
  resolved "https://registry.yarnpkg.com/bytesish/-/bytesish-0.4.4.tgz#f3b535a0f1153747427aee27256748cff92347e6"
  integrity sha512-i4uu6M4zuMUiyfZN4RU2+i9+peJh//pXhd9x1oSe1LBkZ3LEbCoygu8W0bXTukU1Jme2txKuotpCZRaC3FLxcQ==

caseless@~0.12.0:
  version "0.12.0"
  resolved "https://registry.yarnpkg.com/caseless/-/caseless-0.12.0.tgz#1b681c21ff84033c826543090689420d187151dc"
  integrity sha512-4tYFyifaFfGacoiObjJegolkwSU4xQNGbVgUiNYVUxbQ2x2lUsFvY4hVgVzGiIe6WLOPqycWXA40l+PWsxthUw==

chownr@^2.0.0:
  version "2.0.0"
  resolved "https://registry.yarnpkg.com/chownr/-/chownr-2.0.0.tgz#15bfbe53d2eab4cf70f18a8cd68ebe5b3cb1dece"
  integrity sha512-bIomtDF5KGpdogkLd9VspvFzk9KfpyyGlS8YFVZl7TGPBHL5snIOnxeshwVgPteQ9b4Eydl+pVbIyE1DcvCWgQ==

"codio-api-js@https://github.com/codio/codio-api-js#d6ba610c7a0830f0f0c6db38892bee8789661b4c":
  version "0.10.1"
  resolved "https://github.com/codio/codio-api-js#d6ba610c7a0830f0f0c6db38892bee8789661b4c"
  dependencies:
    bent "^7.3.12"
    form-data "^4.0.0"
    glob-promise "^4.2.0"
    https "^1.0.0"
    lodash "^4.17.21"
    object-hash "^2.2.0"
    querystring "^0.2.1"
    recursive-copy "^2.0.11"
    simple-zstd "^1.3.1"
    tar "^6.1.0"
    uuid "^8.3.2"
    yaml "^1.10.2"

combined-stream@^1.0.8:
  version "1.0.8"
  resolved "https://registry.yarnpkg.com/combined-stream/-/combined-stream-1.0.8.tgz#c3d45a8b34fd730631a110a8a2520682b31d5a7f"
  integrity sha512-FQN4MRfuJeHf7cBbBMJFXhKSDq+2kAArBlmRBvcvFE5BB1HZKXtSFASDhdlz9zOYwxh8lDdnvmMOe/+5cdoEdg==
  dependencies:
    delayed-stream "~1.0.0"

concat-map@0.0.1:
  version "0.0.1"
  resolved "https://registry.yarnpkg.com/concat-map/-/concat-map-0.0.1.tgz#d8a96bd77fd68df7793a73036a3ba0d5405d477b"
  integrity sha512-/Srv4dswyQNBfohGpz9o6Yb3Gz3SrUDqBH5rTuhGR7ahtlbYKnVxw2bCFMRljaA7EXHaXZ8wsHdodFvbkhKmqg==

core-util-is@~1.0.0:
  version "1.0.3"
  resolved "https://registry.yarnpkg.com/core-util-is/-/core-util-is-1.0.3.tgz#a6042d3634c2b27e9328f837b965fac83808db85"
  integrity sha512-ZQBvi1DcpJ4GDqanjucZ2Hj3wEO5pZDS89BWbkcrvdxksJorwUDDZamX9ldFkp9aw2lmBDLgkObEA4DWNJ9FYQ==

delayed-stream@~1.0.0:
  version "1.0.0"
  resolved "https://registry.yarnpkg.com/delayed-stream/-/delayed-stream-1.0.0.tgz#df3ae199acadfb7d440aaae0b29e2272b24ec619"
  integrity sha512-ZySD7Nf91aLB0RxL4KGrKHBXl7Eds1DAmEdcoVawXnLD7SDhpNgtuII2aAkg7a7QS41jxPSZ17p4VdGnMHk3MQ==

deprecation@^2.0.0, deprecation@^2.3.1:
  version "2.3.1"
  resolved "https://registry.yarnpkg.com/deprecation/-/deprecation-2.3.1.tgz#6368cbdb40abf3373b525ac87e4a260c3a700919"
  integrity sha512-xmHIy4F3scKVwMsQ4WnVaS8bHOx0DmVwRywosKhaILI0ywMDWPtBSku2HNxRvF7jtwDRsoEwYQSfbxj8b7RlJQ==

dotenv@^8.2.0:
  version "8.6.0"
  resolved "https://registry.yarnpkg.com/dotenv/-/dotenv-8.6.0.tgz#061af664d19f7f4d8fc6e4ff9b584ce237adcb8b"
  integrity sha512-IrPdXQsk2BbzvCBGBOTmmSH5SodmqZNt4ERAZDmW4CT+tL8VtvinqywuANaFu4bOMWki16nqf0e4oC0QIaDr/g==

duplex-maker@^1.0.0:
  version "1.0.0"
  resolved "https://registry.yarnpkg.com/duplex-maker/-/duplex-maker-1.0.0.tgz#1604f8b943cb0063a6d3e1fe42aa65113a79da4a"
  integrity sha512-KoHuzggxg7f+vvjqOHfXxaQYI1POzBm+ah0eec7YDssZmbt6QFBI8d1nl5GQwAgR2f+VQCPvyvZtmWWqWuFtlA==

duplexify@^3.5.0:
  version "3.7.1"
  resolved "https://registry.yarnpkg.com/duplexify/-/duplexify-3.7.1.tgz#2a4df5317f6ccfd91f86d6fd25d8d8a103b88309"
  integrity sha512-07z8uv2wMyS51kKhD1KsdXJg5WQ6t93RneqRxUHnskXVtlYYkLqM0gqStQZ3pj073g687jPCHrqNfCzawLYh5g==
  dependencies:
    end-of-stream "^1.0.0"
    inherits "^2.0.1"
    readable-stream "^2.0.0"
    stream-shift "^1.0.0"

end-of-stream@^1.0.0:
  version "1.4.4"
  resolved "https://registry.yarnpkg.com/end-of-stream/-/end-of-stream-1.4.4.tgz#5ae64a5f45057baf3626ec14da0ca5e4b2431eb0"
  integrity sha512-+uw1inIHVPQoaVuHzRyXd21icM+cnt4CzD5rW+NC1wjOUSTOs+Te7FOv7AhN7vS9x/oIyhLP5PR1H+phQAHu5Q==
  dependencies:
    once "^1.4.0"

errno@^0.1.2:
  version "0.1.8"
  resolved "https://registry.yarnpkg.com/errno/-/errno-0.1.8.tgz#8bb3e9c7d463be4976ff888f76b4809ebc2e811f"
  integrity sha512-dJ6oBr5SQ1VSd9qkk7ByRgb/1SH4JZjCHSW/mr63/QcXO9zLVxvJ6Oy13nio03rxpSnVDDjFor75SjVeZWPW/A==
  dependencies:
    prr "~1.0.1"

form-data@^4.0.0:
  version "4.0.0"
  resolved "https://registry.yarnpkg.com/form-data/-/form-data-4.0.0.tgz#93919daeaf361ee529584b9b31664dc12c9fa452"
  integrity sha512-ETEklSGi5t0QMZuiXoA/Q6vcnxcLQP5vdugSpuAyi6SVGi2clPPp+xgEhuMaHC+zGgn31Kd235W35f7Hykkaww==
  dependencies:
    asynckit "^0.4.0"
    combined-stream "^1.0.8"
    mime-types "^2.1.12"

fs-minipass@^2.0.0:
  version "2.1.0"
  resolved "https://registry.yarnpkg.com/fs-minipass/-/fs-minipass-2.1.0.tgz#7f5036fdbf12c63c169190cbe4199c852271f9fb"
  integrity sha512-V/JgOLFCS+R6Vcq0slCuaeWEdNC3ouDlJMNIsacH2VtALiu9mV4LPrHc5cDl8k5aw6J8jwgWWpiTo5RYhmIzvg==
  dependencies:
    minipass "^3.0.0"

fs.realpath@^1.0.0:
  version "1.0.0"
  resolved "https://registry.yarnpkg.com/fs.realpath/-/fs.realpath-1.0.0.tgz#1504ad2523158caa40db4a2787cb01411994ea4f"
  integrity sha512-OO0pH2lK6a0hZnAdau5ItzHPI6pUlvI7jMVnxUQRtw4owF2wk8lOSabtGDCTP4Ggrg2MbGnWO9X8K1t4+fGMDw==

glob-promise@^4.2.0:
  version "4.2.2"
  resolved "https://registry.yarnpkg.com/glob-promise/-/glob-promise-4.2.2.tgz#15f44bcba0e14219cd93af36da6bb905ff007877"
  integrity sha512-xcUzJ8NWN5bktoTIX7eOclO1Npxd/dyVqUJxlLIDasT4C7KZyqlPIwkdJ0Ypiy3p2ZKahTjK4M9uC3sNSfNMzw==
  dependencies:
    "@types/glob" "^7.1.3"

glob@^7.1.3:
  version "7.2.3"
  resolved "https://registry.yarnpkg.com/glob/-/glob-7.2.3.tgz#b8df0fb802bbfa8e89bd1d938b4e16578ed44f2b"
  integrity sha512-nFR0zLpU2YCaRxwoCJvL6UvCH2JFyFVIvwTLsIf21AuHlMskA1hhTdk+LlYJtOlYt9v6dvszD2BGRqBL+iQK9Q==
  dependencies:
    fs.realpath "^1.0.0"
    inflight "^1.0.4"
    inherits "2"
    minimatch "^3.1.1"
    once "^1.3.0"
    path-is-absolute "^1.0.0"

graceful-fs@^4.1.4:
  version "4.2.10"
  resolved "https://registry.yarnpkg.com/graceful-fs/-/graceful-fs-4.2.10.tgz#147d3a006da4ca3ce14728c7aefc287c367d7a6c"
  integrity sha512-9ByhssR2fPVsNZj478qUUbKfmL0+t5BDVyjShtyZZLiK7ZDAArFFfopyOTj0M05wE2tJPisA4iTnnXl2YoPvOA==

https@^1.0.0:
  version "1.0.0"
  resolved "https://registry.yarnpkg.com/https/-/https-1.0.0.tgz#3c37c7ae1a8eeb966904a2ad1e975a194b7ed3a4"
  integrity sha512-4EC57ddXrkaF0x83Oj8sM6SLQHAWXw90Skqu2M4AEWENZ3F02dFJE/GARA8igO79tcgYqGrD7ae4f5L3um2lgg==

inflight@^1.0.4:
  version "1.0.6"
  resolved "https://registry.yarnpkg.com/inflight/-/inflight-1.0.6.tgz#49bd6331d7d02d0c09bc910a1075ba8165b56df9"
  integrity sha512-k92I/b08q4wvFscXCLvqfsHCrjrF7yiXsQuIVvVE7N82W3+aqpzuUdBbfhWcy/FZR3/4IgflMgKLOsvPDrGCJA==
  dependencies:
    once "^1.3.0"
    wrappy "1"

inherits@2, inherits@^2.0.1, inherits@^2.0.3, inherits@~2.0.3:
  version "2.0.4"
  resolved "https://registry.yarnpkg.com/inherits/-/inherits-2.0.4.tgz#0fa2c64f932917c3433a0ded55363aae37416b7c"
  integrity sha512-k/vGaX4/Yla3WzyMCvTQOXYeIHvqOKtnqBduzTHpzpQZzAskKMhZ2K+EnBiSM9zGSoIFeMpXKxa4dYeZIQqewQ==

is-plain-object@^5.0.0:
  version "5.0.0"
  resolved "https://registry.yarnpkg.com/is-plain-object/-/is-plain-object-5.0.0.tgz#4427f50ab3429e9025ea7d52e9043a9ef4159344"
  integrity sha512-VRSzKkbMm5jMDoKLbltAkFQ5Qr7VDiTFGXxYFXXowVj387GeGNOCsOH6Msy00SGZ3Fp84b1Naa1psqgcCIEP5Q==

is-stream@^2.0.0:
  version "2.0.1"
  resolved "https://registry.yarnpkg.com/is-stream/-/is-stream-2.0.1.tgz#fac1e3d53b97ad5a9d0ae9cef2389f5810a5c077"
  integrity sha512-hFoiJiTl63nn+kstHGBtewWSKnQLpyb155KHheA1l39uvtO9nWIop1p3udqPcUd/xbF1VLMO4n7OI6p7RbngDg==

is-zst@^1.0.0:
  version "1.0.0"
  resolved "https://registry.yarnpkg.com/is-zst/-/is-zst-1.0.0.tgz#97462bb1a376dabba561e249ea754801e9b90fe0"
  integrity sha512-ZA5lvshKAl8z30dX7saXLpVhpsq3d2EHK9uf7qtUjnOtdw4XBpAoWb2RvZ5kyoaebdoidnGI0g2hn9Z7ObPbww==

isarray@~1.0.0:
  version "1.0.0"
  resolved "https://registry.yarnpkg.com/isarray/-/isarray-1.0.0.tgz#bb935d48582cba168c06834957a54a3e07124f11"
  integrity sha512-VLghIWNM6ELQzo7zwmcg0NmTVyWKYjvIeM83yjp0wRDTmUnrM678fQbcKBo6n2CJEF0szoG//ytg+TKla89ALQ==

junk@^1.0.1:
  version "1.0.3"
  resolved "https://registry.yarnpkg.com/junk/-/junk-1.0.3.tgz#87be63488649cbdca6f53ab39bec9ccd2347f592"
  integrity sha512-3KF80UaaSSxo8jVnRYtMKNGFOoVPBdkkVPsw+Ad0y4oxKXPduS6G6iHkrf69yJVff/VAaYXkV42rtZ7daJxU3w==

lodash@^4.17.21:
  version "4.17.21"
  resolved "https://registry.yarnpkg.com/lodash/-/lodash-4.17.21.tgz#679591c564c3bffaae8454cf0b3df370c3d6911c"
  integrity sha512-v2kDEe57lecTulaDIuNTPy3Ry4gLGJ6Z1O3vE1krgXZNrsQ+LFTGHVxVjcXPs17LhbZVGedAJv8XZ1tvj5FvSg==

maximatch@^0.1.0:
  version "0.1.0"
  resolved "https://registry.yarnpkg.com/maximatch/-/maximatch-0.1.0.tgz#86cd8d6b04c9f307c05a6b9419906d0360fb13a2"
  integrity sha512-9ORVtDUFk4u/NFfo0vG/ND/z7UQCVZBL539YW0+U1I7H1BkZwizcPx5foFv7LCPcBnm2U6RjFnQOsIvN4/Vm2A==
  dependencies:
    array-differ "^1.0.0"
    array-union "^1.0.1"
    arrify "^1.0.0"
    minimatch "^3.0.0"

mime-db@1.52.0:
  version "1.52.0"
  resolved "https://registry.yarnpkg.com/mime-db/-/mime-db-1.52.0.tgz#bbabcdc02859f4987301c856e3387ce5ec43bf70"
  integrity sha512-sPU4uV7dYlvtWJxwwxHD0PuihVNiE7TyAbQ5SWxDCB9mUYvOgroQOwYQQOKPJ8CIbE+1ETVlOoK1UC2nU3gYvg==

mime-types@^2.1.12:
  version "2.1.35"
  resolved "https://registry.yarnpkg.com/mime-types/-/mime-types-2.1.35.tgz#381a871b62a734450660ae3deee44813f70d959a"
  integrity sha512-ZDY+bPm5zTTF+YpCrAU9nK0UgICYPT0QtT1NZWFv4s++TNkcgVaT0g6+4R2uI4MjQjzysHB1zxuWL50hzaeXiw==
  dependencies:
    mime-db "1.52.0"

minimatch@^3.0.0, minimatch@^3.1.1:
  version "3.1.2"
  resolved "https://registry.yarnpkg.com/minimatch/-/minimatch-3.1.2.tgz#19cd194bfd3e428f049a70817c038d89ab4be35b"
  integrity sha512-J7p63hRiAjw1NDEww1W7i37+ByIrOWO5XQQAzZ3VOcL0PNybwpfmV/N05zFAzwQ9USyEcX6t3UO+K5aqBQOIHw==
  dependencies:
    brace-expansion "^1.1.7"

minimist@^1.2.6:
  version "1.2.6"
  resolved "https://registry.yarnpkg.com/minimist/-/minimist-1.2.6.tgz#8637a5b759ea0d6e98702cfb3a9283323c93af44"
  integrity sha512-Jsjnk4bw3YJqYzbdyBiNsPWHPfO++UGG749Cxs6peCu5Xg4nrena6OVxOYxrQTqww0Jmwt+Ref8rggumkTLz9Q==

minipass@^3.0.0:
  version "3.1.6"
  resolved "https://registry.yarnpkg.com/minipass/-/minipass-3.1.6.tgz#3b8150aa688a711a1521af5e8779c1d3bb4f45ee"
  integrity sha512-rty5kpw9/z8SX9dmxblFA6edItUmwJgMeYDZRrwlIVN27i8gysGbznJwUggw2V/FVqFSDdWy040ZPS811DYAqQ==
  dependencies:
    yallist "^4.0.0"

minizlib@^2.1.1:
  version "2.1.2"
  resolved "https://registry.yarnpkg.com/minizlib/-/minizlib-2.1.2.tgz#e90d3466ba209b932451508a11ce3d3632145931"
  integrity sha512-bAxsR8BVfj60DWXHE3u30oHzfl4G7khkSuPW+qvpd7jFRHm7dLxOjUk1EHACJ/hxLY8phGJ0YhYHZo7jil7Qdg==
  dependencies:
    minipass "^3.0.0"
    yallist "^4.0.0"

mkdirp@^0.5.1:
  version "0.5.6"
  resolved "https://registry.yarnpkg.com/mkdirp/-/mkdirp-0.5.6.tgz#7def03d2432dcae4ba1d611445c48396062255f6"
  integrity sha512-FP+p8RB8OWpF3YZBCrP5gtADmtXApB5AMLn+vdyA+PyxCjrCs00mjyUozssO33cwDeT3wNGdLxJ5M//YqtHAJw==
  dependencies:
    minimist "^1.2.6"

mkdirp@^1.0.3:
  version "1.0.4"
  resolved "https://registry.yarnpkg.com/mkdirp/-/mkdirp-1.0.4.tgz#3eb5ed62622756d79a5f0e2a221dfebad75c2f7e"
  integrity sha512-vVqVZQyf3WLx2Shd0qJ9xuvqgAyKPLAiqITEtqW0oIUjzo3PePDd6fW9iFz30ef7Ysp/oiWqbhszeGWW2T6Gzw==

node-fetch@^2.6.1:
  version "2.6.1"
  resolved "https://registry.yarnpkg.com/node-fetch/-/node-fetch-2.6.1.tgz#045bd323631f76ed2e2b55573394416b639a0052"
  integrity sha512-V4aYg89jEoVRxRb2fJdAg8FHvI7cEyYdVAh94HH0UIK8oJxUfkjlDQN9RbMx+bEjP7+ggMiFRprSti032Oipxw==

object-hash@^2.2.0:
  version "2.2.0"
  resolved "https://registry.yarnpkg.com/object-hash/-/object-hash-2.2.0.tgz#5ad518581eefc443bd763472b8ff2e9c2c0d54a5"
  integrity sha512-gScRMn0bS5fH+IuwyIFgnh9zBdo4DV+6GhygmWM9HyNJSgS0hScp1f5vjtm7oIIOiT9trXrShAkLFSc2IqKNgw==

once@^1.3.0, once@^1.4.0:
  version "1.4.0"
  resolved "https://registry.yarnpkg.com/once/-/once-1.4.0.tgz#583b1aa775961d4b113ac17d9c50baef9dd76bd1"
  integrity sha512-lNaJgI+2Q5URQBkccEKHTQOPaXdUxnZZElQTZY0MFUAuaEqe1E+Nyvgdz/aIyNi6Z9MzO5dv1H8n58/GELp3+w==
  dependencies:
    wrappy "1"

os-tmpdir@^1.0.0:
  version "1.0.2"
  resolved "https://registry.yarnpkg.com/os-tmpdir/-/os-tmpdir-1.0.2.tgz#bbe67406c79aa85c5cfec766fe5734555dfa1274"
  integrity sha512-D2FR03Vir7FIu45XBY20mTb+/ZSWB00sjU9jdQXt83gDrI4Ztz5Fs7/yy74g2N5SVQY4xY1qDr4rNddwYRVX0g==

path-is-absolute@^1.0.0:
  version "1.0.1"
  resolved "https://registry.yarnpkg.com/path-is-absolute/-/path-is-absolute-1.0.1.tgz#174b9268735534ffbc7ace6bf53a5a9e1b5c5f5f"
  integrity sha512-AVbw3UJ2e9bq64vSaS9Am0fje1Pa8pbGqTTsmXfaIiMpnr5DlDhfJOuLj9Sf95ZPVDAUerDfEk88MPmPe7UCQg==

peek-stream@^1.1.3:
  version "1.1.3"
  resolved "https://registry.yarnpkg.com/peek-stream/-/peek-stream-1.1.3.tgz#3b35d84b7ccbbd262fff31dc10da56856ead6d67"
  integrity sha512-FhJ+YbOSBb9/rIl2ZeE/QHEsWn7PqNYt8ARAY3kIgNGOk13g9FGyIY6JIl/xB/3TFRVoTv5as0l11weORrTekA==
  dependencies:
    buffer-from "^1.0.0"
    duplexify "^3.5.0"
    through2 "^2.0.3"

pify@^2.3.0:
  version "2.3.0"
  resolved "https://registry.yarnpkg.com/pify/-/pify-2.3.0.tgz#ed141a6ac043a849ea588498e7dca8b15330e90c"
  integrity sha512-udgsAY+fTnvv7kI7aaxbqwWNb0AHiB0qBO89PZKPkoTmGOgdbrHDKD+0B2X4uTfJ/FT1R09r9gTsjUjNJotuog==

process-nextick-args@~2.0.0:
  version "2.0.1"
  resolved "https://registry.yarnpkg.com/process-nextick-args/-/process-nextick-args-2.0.1.tgz#7820d9b16120cc55ca9ae7792680ae7dba6d7fe2"
  integrity sha512-3ouUOpQhtgrbOa17J7+uxOTpITYWaGP7/AhoR3+A+/1e9skrzelGi/dXzEYyvbxubEF6Wn2ypscTKiKJFFn1ag==

process-streams@^1.0.1:
  version "1.0.1"
  resolved "https://registry.yarnpkg.com/process-streams/-/process-streams-1.0.1.tgz#e22c2aadbf788ef0c5754ea5e057e985c87dd691"
  integrity sha512-Z+FHhxiBhiQ4t/xTY3Bo2SxZG/CehflyckFsQirAXFRf/BfVnDePzpo58eq9JI4XfFu1RnX5C5EAE6V4sce1+g==
  dependencies:
    duplex-maker "^1.0.0"
    quotemeta "0.0.0"
    tempfile "^1.1.0"

promise@^7.0.1:
  version "7.3.1"
  resolved "https://registry.yarnpkg.com/promise/-/promise-7.3.1.tgz#064b72602b18f90f29192b8b1bc418ffd1ebd3bf"
  integrity sha512-nolQXZ/4L+bP/UGlkfaIujX9BKxGwmQ9OT4mOt5yvy8iK1h3wqTEJCijzGANTCCl9nWjY41juyAn2K3Q1hLLTg==
  dependencies:
    asap "~2.0.3"

prr@~1.0.1:
  version "1.0.1"
  resolved "https://registry.yarnpkg.com/prr/-/prr-1.0.1.tgz#d3fc114ba06995a45ec6893f484ceb1d78f5f476"
  integrity sha512-yPw4Sng1gWghHQWj0B3ZggWUm4qVbPwPFcRG8KyxiU7J2OHFSoEHKS+EZ3fv5l1t9CyCiop6l/ZYeWbrgoQejw==

querystring@^0.2.1:
  version "0.2.1"
  resolved "https://registry.yarnpkg.com/querystring/-/querystring-0.2.1.tgz#40d77615bb09d16902a85c3e38aa8b5ed761c2dd"
  integrity sha512-wkvS7mL/JMugcup3/rMitHmd9ecIGd2lhFhK9N3UUQ450h66d1r3Y9nvXzQAW1Lq+wyx61k/1pfKS5KuKiyEbg==

quotemeta@0.0.0:
  version "0.0.0"
  resolved "https://registry.yarnpkg.com/quotemeta/-/quotemeta-0.0.0.tgz#51d3a06ee0fcd6e3b501dbd28904351ad7a5a38c"
  integrity sha512-1XGObUh7RN5b58vKuAsrlfqT+Rc4vmw8N4pP9gFCq1GFlTdV0Ex/D2Ro1Drvrqj++HPi3ig0Np17XPslELeMRA==

readable-stream@3:
  version "3.6.0"
  resolved "https://registry.yarnpkg.com/readable-stream/-/readable-stream-3.6.0.tgz#337bbda3adc0706bd3e024426a286d4b4b2c9198"
  integrity sha512-BViHy7LKeTz4oNnkcLJ+lVSL6vpiFeX6/d3oSH8zCW7UxP2onchk+vTGB143xuFjHS3deTgkKoXXymXqymiIdA==
  dependencies:
    inherits "^2.0.3"
    string_decoder "^1.1.1"
    util-deprecate "^1.0.1"

readable-stream@^2.0.0, readable-stream@~2.3.6:
  version "2.3.7"
  resolved "https://registry.yarnpkg.com/readable-stream/-/readable-stream-2.3.7.tgz#1eca1cf711aef814c04f62252a36a62f6cb23b57"
  integrity sha512-Ebho8K4jIbHAxnuxi7o42OrZgF/ZTNcsZj6nRKyUmkhLFq8CHItp/fy6hQZuZmP/n3yZ9VBUbp4zz/mX8hmYPw==
  dependencies:
    core-util-is "~1.0.0"
    inherits "~2.0.3"
    isarray "~1.0.0"
    process-nextick-args "~2.0.0"
    safe-buffer "~5.1.1"
    string_decoder "~1.1.1"
    util-deprecate "~1.0.1"

recursive-copy@^2.0.11:
  version "2.0.14"
  resolved "https://registry.yarnpkg.com/recursive-copy/-/recursive-copy-2.0.14.tgz#6358af3b5f8da89562f000db44720c4daa94b6d7"
  integrity sha512-K8WNY8f8naTpfbA+RaXmkaQuD1IeW9EgNEfyGxSqqTQukpVtoOKros9jUqbpEsSw59YOmpd8nCBgtqJZy5nvog==
  dependencies:
    errno "^0.1.2"
    graceful-fs "^4.1.4"
    junk "^1.0.1"
    maximatch "^0.1.0"
    mkdirp "^0.5.1"
    pify "^2.3.0"
    promise "^7.0.1"
    rimraf "^2.7.1"
    slash "^1.0.0"

rimraf@^2.7.1:
  version "2.7.1"
  resolved "https://registry.yarnpkg.com/rimraf/-/rimraf-2.7.1.tgz#35797f13a7fdadc566142c29d4f07ccad483e3ec"
  integrity sha512-uWjbaKIK3T1OSVptzX7Nl6PvQ3qAGtKEtVRjRuazjfL3Bx5eI409VZSqgND+4UNnmzLVdPj9FqFJNPqBZFve4w==
  dependencies:
    glob "^7.1.3"

safe-buffer@~5.1.0, safe-buffer@~5.1.1:
  version "5.1.2"
  resolved "https://registry.yarnpkg.com/safe-buffer/-/safe-buffer-5.1.2.tgz#991ec69d296e0313747d59bdfd2b745c35f8828d"
  integrity sha512-Gd2UZBJDkXlY7GbJxfsE8/nvKkUEU1G38c1siN6QP6a9PT9MmHB8GnpscSmMJSoF8LOIrt8ud/wPtojys4G6+g==

safe-buffer@~5.2.0:
  version "5.2.1"
  resolved "https://registry.yarnpkg.com/safe-buffer/-/safe-buffer-5.2.1.tgz#1eaf9fa9bdb1fdd4ec75f58f9cdb4e6b7827eec6"
  integrity sha512-rp3So07KcdmmKbGvgaNxQSJr7bGVSVk5S9Eq1F+ppbRo70+YeaDxkw5Dd8NPN+GD6bjnYm2VuPuCXmpuYvmCXQ==

simple-zstd@^1.3.1:
  version "1.4.0"
  resolved "https://registry.yarnpkg.com/simple-zstd/-/simple-zstd-1.4.0.tgz#b8fba1b1b41aa43183263f4c960a9c63899d4cb6"
  integrity sha512-9zBNnu7MkwRiZm7voFUX7ehCcLO2d1FmJ2RWEVsN8Exw2tVYK9k/0/8WjPUmSmtoHOyoFTkHHaOLuPSwkgFmrA==
  dependencies:
    is-zst "^1.0.0"
    peek-stream "^1.1.3"
    process-streams "^1.0.1"
    through2 "^4.0.2"

slash@^1.0.0:
  version "1.0.0"
  resolved "https://registry.yarnpkg.com/slash/-/slash-1.0.0.tgz#c41f2f6c39fc16d1cd17ad4b5d896114ae470d55"
  integrity sha512-3TYDR7xWt4dIqV2JauJr+EJeW356RXijHeUlO+8djJ+uBXPn8/2dpzBc8yQhh583sVvc9CvFAeQVgijsH+PNNg==

stream-shift@^1.0.0:
  version "1.0.1"
  resolved "https://registry.yarnpkg.com/stream-shift/-/stream-shift-1.0.1.tgz#d7088281559ab2778424279b0877da3c392d5a3d"
  integrity sha512-AiisoFqQ0vbGcZgQPY1cdP2I76glaVA/RauYR4G4thNFgkTqr90yXTo4LYX60Jl+sIlPNHHdGSwo01AvbKUSVQ==

string_decoder@^1.1.1:
  version "1.3.0"
  resolved "https://registry.yarnpkg.com/string_decoder/-/string_decoder-1.3.0.tgz#42f114594a46cf1a8e30b0a84f56c78c3edac21e"
  integrity sha512-hkRX8U1WjJFd8LsDJ2yQ/wWWxaopEsABU1XfkM8A+j0+85JAGppt16cr1Whg6KIbb4okU6Mql6BOj+uup/wKeA==
  dependencies:
    safe-buffer "~5.2.0"

string_decoder@~1.1.1:
  version "1.1.1"
  resolved "https://registry.yarnpkg.com/string_decoder/-/string_decoder-1.1.1.tgz#9cf1611ba62685d7030ae9e4ba34149c3af03fc8"
  integrity sha512-n/ShnvDi6FHbbVfviro+WojiFzv+s8MPMHBczVePfUpDJLwoLT0ht1l4YwBCbi8pJAveEEdnkHyPyTP/mzRfwg==
  dependencies:
    safe-buffer "~5.1.0"

tar@^6.1.0:
  version "6.1.11"
  resolved "https://registry.yarnpkg.com/tar/-/tar-6.1.11.tgz#6760a38f003afa1b2ffd0ffe9e9abbd0eab3d621"
  integrity sha512-an/KZQzQUkZCkuoAA64hM92X0Urb6VpRhAFllDzz44U2mcD5scmT3zBc4VgVpkugF580+DQn8eAFSyoQt0tznA==
  dependencies:
    chownr "^2.0.0"
    fs-minipass "^2.0.0"
    minipass "^3.0.0"
    minizlib "^2.1.1"
    mkdirp "^1.0.3"
    yallist "^4.0.0"

tempfile@^1.1.0:
  version "1.1.1"
  resolved "https://registry.yarnpkg.com/tempfile/-/tempfile-1.1.1.tgz#5bcc4eaecc4ab2c707d8bc11d99ccc9a2cb287f2"
  integrity sha512-NjT12fW6pSEKz1eVcADgaKfeM+XZ4+zSaqVz46XH7+CiEwcelnwtGWRRjF1p+xyW2PVgKKKS2UUw1LzRelntxg==
  dependencies:
    os-tmpdir "^1.0.0"
    uuid "^2.0.1"

through2@^2.0.3:
  version "2.0.5"
  resolved "https://registry.yarnpkg.com/through2/-/through2-2.0.5.tgz#01c1e39eb31d07cb7d03a96a70823260b23132cd"
  integrity sha512-/mrRod8xqpA+IHSLyGCQ2s8SPHiCDEeQJSep1jqLYeEUClOFG2Qsh+4FU6G9VeqpZnGW/Su8LQGc4YKni5rYSQ==
  dependencies:
    readable-stream "~2.3.6"
    xtend "~4.0.1"

through2@^4.0.2:
  version "4.0.2"
  resolved "https://registry.yarnpkg.com/through2/-/through2-4.0.2.tgz#a7ce3ac2a7a8b0b966c80e7c49f0484c3b239764"
  integrity sha512-iOqSav00cVxEEICeD7TjLB1sueEL+81Wpzp2bY17uZjZN0pWZPuo4suZ/61VujxmqSGFfgOcNuTZ85QJwNZQpw==
  dependencies:
    readable-stream "3"

tunnel@0.0.6:
  version "0.0.6"
  resolved "https://registry.yarnpkg.com/tunnel/-/tunnel-0.0.6.tgz#72f1314b34a5b192db012324df2cc587ca47f92c"
  integrity sha512-1h/Lnq9yajKY2PEbBadPXj3VxsDDu844OnaAo52UVmIzIvwwtBPIuNvkjuzBlTWpfJyUbG3ez0KSBibQkj4ojg==

typescript@^4.1.3:
  version "4.3.2"
  resolved "https://registry.yarnpkg.com/typescript/-/typescript-4.3.2.tgz#399ab18aac45802d6f2498de5054fcbbe716a805"
  integrity sha512-zZ4hShnmnoVnAHpVHWpTcxdv7dWP60S2FsydQLV8V5PbS3FifjWFFRiHSWpDJahly88PRyV5teTSLoq4eG7mKw==

universal-user-agent@^6.0.0:
  version "6.0.0"
  resolved "https://registry.yarnpkg.com/universal-user-agent/-/universal-user-agent-6.0.0.tgz#3381f8503b251c0d9cd21bc1de939ec9df5480ee"
  integrity sha512-isyNax3wXoKaulPDZWHQqbmIx1k2tb9fb3GGDBRxCscfYV2Ch7WxPArBsFEG8s/safwXTT7H4QGhaIkTp9447w==

util-deprecate@^1.0.1, util-deprecate@~1.0.1:
  version "1.0.2"
  resolved "https://registry.yarnpkg.com/util-deprecate/-/util-deprecate-1.0.2.tgz#450d4dc9fa70de732762fbd2d4a28981419a0ccf"
  integrity sha512-EPD5q1uXyFxJpCrLnCc1nHnq3gOa6DZBocAIiI2TaSCA7VCJ1UJDMagCzIkXNsUYfD1daK//LTEQ8xiIbrHtcw==

uuid@^2.0.1:
  version "2.0.3"
  resolved "https://registry.yarnpkg.com/uuid/-/uuid-2.0.3.tgz#67e2e863797215530dff318e5bf9dcebfd47b21a"
  integrity sha512-FULf7fayPdpASncVy4DLh3xydlXEJJpvIELjYjNeQWYUZ9pclcpvCZSr2gkmN2FrrGcI7G/cJsIEwk5/8vfXpg==

uuid@^8.3.2:
  version "8.3.2"
  resolved "https://registry.yarnpkg.com/uuid/-/uuid-8.3.2.tgz#80d5b5ced271bb9af6c445f21a1a04c606cefbe2"
  integrity sha512-+NYs2QeMWy+GWFOEm9xnn6HCDp0l7QBD7ml8zLUmJ+93Q5NF0NocErnwkTkXVFNiX3/fpC6afS8Dhb/gz7R7eg==

wrappy@1:
  version "1.0.2"
  resolved "https://registry.yarnpkg.com/wrappy/-/wrappy-1.0.2.tgz#b5243d8f3ec1aa35f1364605bc0d1036e30ab69f"
  integrity sha512-l4Sp/DRseor9wL6EvV2+TuQn63dMkPjZ/sp9XkghTEbV9KlPS1xUsZ3u7/IQO4wxtcFB4bgpQPRcR3QCvezPcQ==

xtend@~4.0.1:
  version "4.0.2"
  resolved "https://registry.yarnpkg.com/xtend/-/xtend-4.0.2.tgz#bb72779f5fa465186b1f438f674fa347fdb5db54"
  integrity sha512-LKYU1iAXJXUgAXn9URjiu+MWhyUXHsvfp7mcuYm9dSUKK0/CjtrUwFAxD82/mCWbtLsGjFIad0wIsod4zrTAEQ==

yallist@^4.0.0:
  version "4.0.0"
  resolved "https://registry.yarnpkg.com/yallist/-/yallist-4.0.0.tgz#9bb92790d9c0effec63be73519e11a35019a3a72"
  integrity sha512-3wdGidZyq5PB084XLES5TpOSRA3wjXAlIWMhum2kRcv/41Sn2emQ0dycQW4uZXLejwKvg6EsvbdlVL+FYEct7A==

yaml@^1.10.2:
  version "1.10.2"
  resolved "https://registry.yarnpkg.com/yaml/-/yaml-1.10.2.tgz#2301c5ffbf12b467de8da2333a459e29e7920e4b"
  integrity sha512-r3vXyErRCYJ7wg28yvBY5VSoAF8ZvlcW9/BwUzEtUsjvX/DKs24dIkuwjtuprwJJHsbyUbLApepYTR1BN4uHrg==
